{
  "name": "leetcode",
  "version": "1.0.0",
  "lockfileVersion": 1,
  "requires": true,
  "dependencies": {
    "file-save": {
      "version": "0.2.0",
      "resolved": "https://registry.npm.taobao.org/file-save/download/file-save-0.2.0.tgz",
      "integrity": "sha1-ObINAhTmVrFBf6o8MtMXtnhUXbc=",
      "dev": true,
      "requires": {
        "mkdirp": "~0.5.0"
      }
    },
    "json-templater": {
      "version": "1.2.0",
      "resolved": "https://registry.npm.taobao.org/json-templater/download/json-templater-1.2.0.tgz",
      "integrity": "sha1-0SyWx3gdhFHWI6i+6bWPaQGosV4=",
      "dev": true
    },
    "minimist": {
      "version": "1.2.6",
      "resolved": "https://registry.npmjs.org/minimist/-/minimist-1.2.6.tgz",
      "integrity": "sha512-Jsjnk4bw3YJqYzbdyBiNsPWHPfO++UGG749Cxs6peCu5Xg4nrena6OVxOYxrQTqww0Jmwt+Ref8rggumkTLz9Q==",
      "dev": true
    },
    "mkdirp": {
      "version": "0.5.5",
      "resolved": "https://registry.npm.taobao.org/mkdirp/download/mkdirp-0.5.5.tgz?cache=0&sync_timestamp=1587535418745&other_urls=https%3A%2F%2Fregistry.npm.taobao.org%2Fmkdirp%2Fdownload%2Fmkdirp-0.5.5.tgz",
      "integrity": "sha1-2Rzv1i0UNsoPQWIOJRKI1CAJne8=",
      "dev": true,
      "requires": {
        "minimist": "^1.2.5"
      }
    }
  }
}
